
Microsoft Visual Studio Solution File, Format Version 12.00
# Visual Studio Version 17
VisualStudioVersion = 17.6.33829.357
MinimumVisualStudioVersion = 10.0.40219.1
Project("{FAE04EC0-301F-11D3-BF4B-00C04F79EFBC}") = "Bai2", "Bai2\Bai2.csproj", "{672179CA-36AD-42E5-9664-F8F111769605}"
EndProject
Global
	GlobalSection(SolutionConfigurationPlatforms) = preSolution
		Debug|Any CPU = Debug|Any CPU
		Release|Any CPU = Release|Any CPU
	EndGlobalSection
	GlobalSection(ProjectConfigurationPlatforms) = postSolution
		{672179CA-36AD-42E5-9664-F8F111769605}.Debug|Any CPU.ActiveCfg = Debug|Any CPU
		{672179CA-36AD-42E5-9664-F8F111769605}.Debug|Any CPU.Build.0 = Debug|Any CPU
		{672179CA-36AD-42E5-9664-F8F111769605}.Release|Any CPU.ActiveCfg = Release|Any CPU
		{672179CA-36AD-42E5-9664-F8F111769605}.Release|Any CPU.Build.0 = Release|Any CPU
	EndGlobalSection
	GlobalSection(SolutionProperties) = preSolution
		HideSolutionNode = FALSE
	EndGlobalSection
	GlobalSection(ExtensibilityGlobals) = postSolution
		SolutionGuid = {9C2FCD3D-3283-42F9-A3FE-0BB96281E660}
	EndGlobalSection
EndGlobal
